
Microsoft Visual Studio Solution File, Format Version 12.00
# Visual Studio Version 17
VisualStudioVersion = 17.9.34622.214
MinimumVisualStudioVersion = 10.0.40219.1
Project("{8BC9CEB8-8B4A-11D0-8D11-00A0C91BC942}") = "CSTUDY", "CSTUDY.vcxproj", "{4608A52D-40CA-46EC-B99B-0B61B3BEE73B}"
EndProject
Project("{2150E333-8FDC-42A3-9474-1A3956D46DE8}") = "CH1", "CH1", "{E0113B71-C84B-4DD7-9AAE-9F8124747E30}"
EndProject
Project("{8BC9CEB8-8B4A-11D0-8D11-00A0C91BC942}") = "변수", "..\변수\변수.vcxproj", "{102DC8FD-7501-4D73-99D1-3761AC8629A1}"
EndProject
Project("{2150E333-8FDC-42A3-9474-1A3956D46DE8}") = "CH2", "CH2", "{0C50A83A-A039-4B80-9AF0-9130932D338A}"
EndProject
Project("{8BC9CEB8-8B4A-11D0-8D11-00A0C91BC942}") = "ch2v", "..\ch2v\ch2v.vcxproj", "{1296CF6D-4510-4112-A8ED-DD9D7B01F37D}"
EndProject
Project("{2150E333-8FDC-42A3-9474-1A3956D46DE8}") = "CH3", "CH3", "{97FA5307-08B0-41E5-8C70-F0D229193ABE}"
EndProject
Project("{8BC9CEB8-8B4A-11D0-8D11-00A0C91BC942}") = "Operator", "..\Operator\Operator.vcxproj", "{C5F6AA84-3B05-41B7-AD51-E9BAED4C16B3}"
EndProject
Project("{2150E333-8FDC-42A3-9474-1A3956D46DE8}") = "CH4", "CH4", "{C17C3939-E131-47D8-B6B7-9F9897E9187D}"
EndProject
Project("{8BC9CEB8-8B4A-11D0-8D11-00A0C91BC942}") = "DATA", "..\DATA\DATA.vcxproj", "{900EBDE9-4DC2-434D-ACA1-3848D016C37D}"
EndProject
Project("{2150E333-8FDC-42A3-9474-1A3956D46DE8}") = "CH5", "CH5", "{0314C9D4-CF0B-4CC4-B85D-468C41EB039D}"
EndProject
Project("{8BC9CEB8-8B4A-11D0-8D11-00A0C91BC942}") = "CH5", "..\CH5\CH5.vcxproj", "{79F1B841-3EAB-40EE-BB16-9FCCC5F1168B}"
EndProject
Project("{2150E333-8FDC-42A3-9474-1A3956D46DE8}") = "CH6", "CH6", "{53CCDEB8-1E43-448C-BA60-C8E8DB542FB6}"
EndProject
Project("{8BC9CEB8-8B4A-11D0-8D11-00A0C91BC942}") = "ch6", "..\main\main.vcxproj", "{5DE9AE60-E3DE-4084-A5E0-A8706E4FA924}"
EndProject
Project("{2150E333-8FDC-42A3-9474-1A3956D46DE8}") = "CH7", "CH7", "{9CAA73EE-CEF0-4678-9D77-6DE89A93A7C8}"
EndProject
Project("{8BC9CEB8-8B4A-11D0-8D11-00A0C91BC942}") = "ch77", "..\ch77\ch77.vcxproj", "{CDED423F-76C7-4A92-972C-96A4FBE714DE}"
EndProject
Project("{2150E333-8FDC-42A3-9474-1A3956D46DE8}") = "연습폴더", "연습폴더", "{6310A0B8-66F0-4F0C-8605-20841A0AB5CB}"
EndProject
Project("{8BC9CEB8-8B4A-11D0-8D11-00A0C91BC942}") = "연폴", "..\연폴\연폴.vcxproj", "{20A62240-23C3-4EF7-9E69-793B75F67941}"
EndProject
Project("{2150E333-8FDC-42A3-9474-1A3956D46DE8}") = "CH8", "CH8", "{4382DF6E-A668-45E2-8BCF-F51FE6BB5BE5}"
EndProject
Project("{8BC9CEB8-8B4A-11D0-8D11-00A0C91BC942}") = "Ch8", "..\Ch8\Ch8.vcxproj", "{CE3304DD-2D83-404E-8F67-9B61B4022228}"
EndProject
Project("{2150E333-8FDC-42A3-9474-1A3956D46DE8}") = "CH9", "CH9", "{D4CC029D-A884-4FA6-86B6-C940C2BED96E}"
EndProject
Project("{8BC9CEB8-8B4A-11D0-8D11-00A0C91BC942}") = "ch9", "..\ch99\ch99.vcxproj", "{D3D66360-4AF9-409B-8F91-53D934EB6B18}"
EndProject
Project("{2150E333-8FDC-42A3-9474-1A3956D46DE8}") = "CH10", "CH10", "{1C79A21A-A87E-416A-9D7C-FB47AD3F6B67}"
EndProject
Project("{8BC9CEB8-8B4A-11D0-8D11-00A0C91BC942}") = "Ch10", "..\Ch010\Ch010.vcxproj", "{97958E7C-7CDD-4DF7-817A-4334F5230E46}"
EndProject
Project("{2150E333-8FDC-42A3-9474-1A3956D46DE8}") = "ToyProject_01", "ToyProject_01", "{EA6FE58B-1819-44E2-BEF1-13E16002DC9F}"
EndProject
Project("{8BC9CEB8-8B4A-11D0-8D11-00A0C91BC942}") = "toyproject", "..\topproject\topproject.vcxproj", "{7B5C9962-5E58-422D-B212-2D66AA0D487F}"
EndProject
Project("{2150E333-8FDC-42A3-9474-1A3956D46DE8}") = "toyproject 2", "toyproject 2", "{F1363AE9-837B-432F-8F76-56A304424A19}"
EndProject
Project("{8BC9CEB8-8B4A-11D0-8D11-00A0C91BC942}") = "MoveinConsole", "..\MoveinConsole\MoveinConsole.vcxproj", "{0AD445E2-C3C3-496C-A27C-B5F602EB8307}"
EndProject
Project("{8BC9CEB8-8B4A-11D0-8D11-00A0C91BC942}") = "prat", "..\prat\prat.vcxproj", "{B3EFB098-E632-488F-ACD1-ADB4A6C0FBD9}"
EndProject
Global
	GlobalSection(SolutionConfigurationPlatforms) = preSolution
		Debug|x64 = Debug|x64
		Debug|x86 = Debug|x86
		Release|x64 = Release|x64
		Release|x86 = Release|x86
	EndGlobalSection
	GlobalSection(ProjectConfigurationPlatforms) = postSolution
		{4608A52D-40CA-46EC-B99B-0B61B3BEE73B}.Debug|x64.ActiveCfg = Debug|x64
		{4608A52D-40CA-46EC-B99B-0B61B3BEE73B}.Debug|x64.Build.0 = Debug|x64
		{4608A52D-40CA-46EC-B99B-0B61B3BEE73B}.Debug|x86.ActiveCfg = Debug|Win32
		{4608A52D-40CA-46EC-B99B-0B61B3BEE73B}.Debug|x86.Build.0 = Debug|Win32
		{4608A52D-40CA-46EC-B99B-0B61B3BEE73B}.Release|x64.ActiveCfg = Release|x64
		{4608A52D-40CA-46EC-B99B-0B61B3BEE73B}.Release|x64.Build.0 = Release|x64
		{4608A52D-40CA-46EC-B99B-0B61B3BEE73B}.Release|x86.ActiveCfg = Release|Win32
		{4608A52D-40CA-46EC-B99B-0B61B3BEE73B}.Release|x86.Build.0 = Release|Win32
		{102DC8FD-7501-4D73-99D1-3761AC8629A1}.Debug|x64.ActiveCfg = Debug|x64
		{102DC8FD-7501-4D73-99D1-3761AC8629A1}.Debug|x64.Build.0 = Debug|x64
		{102DC8FD-7501-4D73-99D1-3761AC8629A1}.Debug|x86.ActiveCfg = Debug|Win32
		{102DC8FD-7501-4D73-99D1-3761AC8629A1}.Debug|x86.Build.0 = Debug|Win32
		{102DC8FD-7501-4D73-99D1-3761AC8629A1}.Release|x64.ActiveCfg = Release|x64
		{102DC8FD-7501-4D73-99D1-3761AC8629A1}.Release|x64.Build.0 = Release|x64
		{102DC8FD-7501-4D73-99D1-3761AC8629A1}.Release|x86.ActiveCfg = Release|Win32
		{102DC8FD-7501-4D73-99D1-3761AC8629A1}.Release|x86.Build.0 = Release|Win32
		{1296CF6D-4510-4112-A8ED-DD9D7B01F37D}.Debug|x64.ActiveCfg = Debug|x64
		{1296CF6D-4510-4112-A8ED-DD9D7B01F37D}.Debug|x64.Build.0 = Debug|x64
		{1296CF6D-4510-4112-A8ED-DD9D7B01F37D}.Debug|x86.ActiveCfg = Debug|Win32
		{1296CF6D-4510-4112-A8ED-DD9D7B01F37D}.Debug|x86.Build.0 = Debug|Win32
		{1296CF6D-4510-4112-A8ED-DD9D7B01F37D}.Release|x64.ActiveCfg = Release|x64
		{1296CF6D-4510-4112-A8ED-DD9D7B01F37D}.Release|x64.Build.0 = Release|x64
		{1296CF6D-4510-4112-A8ED-DD9D7B01F37D}.Release|x86.ActiveCfg = Release|Win32
		{1296CF6D-4510-4112-A8ED-DD9D7B01F37D}.Release|x86.Build.0 = Release|Win32
		{C5F6AA84-3B05-41B7-AD51-E9BAED4C16B3}.Debug|x64.ActiveCfg = Debug|x64
		{C5F6AA84-3B05-41B7-AD51-E9BAED4C16B3}.Debug|x64.Build.0 = Debug|x64
		{C5F6AA84-3B05-41B7-AD51-E9BAED4C16B3}.Debug|x86.ActiveCfg = Debug|Win32
		{C5F6AA84-3B05-41B7-AD51-E9BAED4C16B3}.Debug|x86.Build.0 = Debug|Win32
		{C5F6AA84-3B05-41B7-AD51-E9BAED4C16B3}.Release|x64.ActiveCfg = Release|x64
		{C5F6AA84-3B05-41B7-AD51-E9BAED4C16B3}.Release|x64.Build.0 = Release|x64
		{C5F6AA84-3B05-41B7-AD51-E9BAED4C16B3}.Release|x86.ActiveCfg = Release|Win32
		{C5F6AA84-3B05-41B7-AD51-E9BAED4C16B3}.Release|x86.Build.0 = Release|Win32
		{900EBDE9-4DC2-434D-ACA1-3848D016C37D}.Debug|x64.ActiveCfg = Debug|x64
		{900EBDE9-4DC2-434D-ACA1-3848D016C37D}.Debug|x64.Build.0 = Debug|x64
		{900EBDE9-4DC2-434D-ACA1-3848D016C37D}.Debug|x86.ActiveCfg = Debug|Win32
		{900EBDE9-4DC2-434D-ACA1-3848D016C37D}.Debug|x86.Build.0 = Debug|Win32
		{900EBDE9-4DC2-434D-ACA1-3848D016C37D}.Release|x64.ActiveCfg = Release|x64
		{900EBDE9-4DC2-434D-ACA1-3848D016C37D}.Release|x64.Build.0 = Release|x64
		{900EBDE9-4DC2-434D-ACA1-3848D016C37D}.Release|x86.ActiveCfg = Release|Win32
		{900EBDE9-4DC2-434D-ACA1-3848D016C37D}.Release|x86.Build.0 = Release|Win32
		{79F1B841-3EAB-40EE-BB16-9FCCC5F1168B}.Debug|x64.ActiveCfg = Debug|x64
		{79F1B841-3EAB-40EE-BB16-9FCCC5F1168B}.Debug|x64.Build.0 = Debug|x64
		{79F1B841-3EAB-40EE-BB16-9FCCC5F1168B}.Debug|x86.ActiveCfg = Debug|Win32
		{79F1B841-3EAB-40EE-BB16-9FCCC5F1168B}.Debug|x86.Build.0 = Debug|Win32
		{79F1B841-3EAB-40EE-BB16-9FCCC5F1168B}.Release|x64.ActiveCfg = Release|x64
		{79F1B841-3EAB-40EE-BB16-9FCCC5F1168B}.Release|x64.Build.0 = Release|x64
		{79F1B841-3EAB-40EE-BB16-9FCCC5F1168B}.Release|x86.ActiveCfg = Release|Win32
		{79F1B841-3EAB-40EE-BB16-9FCCC5F1168B}.Release|x86.Build.0 = Release|Win32
		{5DE9AE60-E3DE-4084-A5E0-A8706E4FA924}.Debug|x64.ActiveCfg = Debug|x64
		{5DE9AE60-E3DE-4084-A5E0-A8706E4FA924}.Debug|x64.Build.0 = Debug|x64
		{5DE9AE60-E3DE-4084-A5E0-A8706E4FA924}.Debug|x86.ActiveCfg = Debug|Win32
		{5DE9AE60-E3DE-4084-A5E0-A8706E4FA924}.Debug|x86.Build.0 = Debug|Win32
		{5DE9AE60-E3DE-4084-A5E0-A8706E4FA924}.Release|x64.ActiveCfg = Release|x64
		{5DE9AE60-E3DE-4084-A5E0-A8706E4FA924}.Release|x64.Build.0 = Release|x64
		{5DE9AE60-E3DE-4084-A5E0-A8706E4FA924}.Release|x86.ActiveCfg = Release|Win32
		{5DE9AE60-E3DE-4084-A5E0-A8706E4FA924}.Release|x86.Build.0 = Release|Win32
		{CDED423F-76C7-4A92-972C-96A4FBE714DE}.Debug|x64.ActiveCfg = Debug|x64
		{CDED423F-76C7-4A92-972C-96A4FBE714DE}.Debug|x64.Build.0 = Debug|x64
		{CDED423F-76C7-4A92-972C-96A4FBE714DE}.Debug|x86.ActiveCfg = Debug|Win32
		{CDED423F-76C7-4A92-972C-96A4FBE714DE}.Debug|x86.Build.0 = Debug|Win32
		{CDED423F-76C7-4A92-972C-96A4FBE714DE}.Release|x64.ActiveCfg = Release|x64
		{CDED423F-76C7-4A92-972C-96A4FBE714DE}.Release|x64.Build.0 = Release|x64
		{CDED423F-76C7-4A92-972C-96A4FBE714DE}.Release|x86.ActiveCfg = Release|Win32
		{CDED423F-76C7-4A92-972C-96A4FBE714DE}.Release|x86.Build.0 = Release|Win32
		{20A62240-23C3-4EF7-9E69-793B75F67941}.Debug|x64.ActiveCfg = Debug|x64
		{20A62240-23C3-4EF7-9E69-793B75F67941}.Debug|x64.Build.0 = Debug|x64
		{20A62240-23C3-4EF7-9E69-793B75F67941}.Debug|x86.ActiveCfg = Debug|Win32
		{20A62240-23C3-4EF7-9E69-793B75F67941}.Debug|x86.Build.0 = Debug|Win32
		{20A62240-23C3-4EF7-9E69-793B75F67941}.Release|x64.ActiveCfg = Release|x64
		{20A62240-23C3-4EF7-9E69-793B75F67941}.Release|x64.Build.0 = Release|x64
		{20A62240-23C3-4EF7-9E69-793B75F67941}.Release|x86.ActiveCfg = Release|Win32
		{20A62240-23C3-4EF7-9E69-793B75F67941}.Release|x86.Build.0 = Release|Win32
		{CE3304DD-2D83-404E-8F67-9B61B4022228}.Debug|x64.ActiveCfg = Debug|x64
		{CE3304DD-2D83-404E-8F67-9B61B4022228}.Debug|x64.Build.0 = Debug|x64
		{CE3304DD-2D83-404E-8F67-9B61B4022228}.Debug|x86.ActiveCfg = Debug|Win32
		{CE3304DD-2D83-404E-8F67-9B61B4022228}.Debug|x86.Build.0 = Debug|Win32
		{CE3304DD-2D83-404E-8F67-9B61B4022228}.Release|x64.ActiveCfg = Release|x64
		{CE3304DD-2D83-404E-8F67-9B61B4022228}.Release|x64.Build.0 = Release|x64
		{CE3304DD-2D83-404E-8F67-9B61B4022228}.Release|x86.ActiveCfg = Release|Win32
		{CE3304DD-2D83-404E-8F67-9B61B4022228}.Release|x86.Build.0 = Release|Win32
		{D3D66360-4AF9-409B-8F91-53D934EB6B18}.Debug|x64.ActiveCfg = Debug|x64
		{D3D66360-4AF9-409B-8F91-53D934EB6B18}.Debug|x64.Build.0 = Debug|x64
		{D3D66360-4AF9-409B-8F91-53D934EB6B18}.Debug|x86.ActiveCfg = Debug|Win32
		{D3D66360-4AF9-409B-8F91-53D934EB6B18}.Debug|x86.Build.0 = Debug|Win32
		{D3D66360-4AF9-409B-8F91-53D934EB6B18}.Release|x64.ActiveCfg = Release|x64
		{D3D66360-4AF9-409B-8F91-53D934EB6B18}.Release|x64.Build.0 = Release|x64
		{D3D66360-4AF9-409B-8F91-53D934EB6B18}.Release|x86.ActiveCfg = Release|Win32
		{D3D66360-4AF9-409B-8F91-53D934EB6B18}.Release|x86.Build.0 = Release|Win32
		{97958E7C-7CDD-4DF7-817A-4334F5230E46}.Debug|x64.ActiveCfg = Debug|x64
		{97958E7C-7CDD-4DF7-817A-4334F5230E46}.Debug|x64.Build.0 = Debug|x64
		{97958E7C-7CDD-4DF7-817A-4334F5230E46}.Debug|x86.ActiveCfg = Debug|Win32
		{97958E7C-7CDD-4DF7-817A-4334F5230E46}.Debug|x86.Build.0 = Debug|Win32
		{97958E7C-7CDD-4DF7-817A-4334F5230E46}.Release|x64.ActiveCfg = Release|x64
		{97958E7C-7CDD-4DF7-817A-4334F5230E46}.Release|x64.Build.0 = Release|x64
		{97958E7C-7CDD-4DF7-817A-4334F5230E46}.Release|x86.ActiveCfg = Release|Win32
		{97958E7C-7CDD-4DF7-817A-4334F5230E46}.Release|x86.Build.0 = Release|Win32
		{7B5C9962-5E58-422D-B212-2D66AA0D487F}.Debug|x64.ActiveCfg = Debug|x64
		{7B5C9962-5E58-422D-B212-2D66AA0D487F}.Debug|x64.Build.0 = Debug|x64
		{7B5C9962-5E58-422D-B212-2D66AA0D487F}.Debug|x86.ActiveCfg = Debug|Win32
		{7B5C9962-5E58-422D-B212-2D66AA0D487F}.Debug|x86.Build.0 = Debug|Win32
		{7B5C9962-5E58-422D-B212-2D66AA0D487F}.Release|x64.ActiveCfg = Release|x64
		{7B5C9962-5E58-422D-B212-2D66AA0D487F}.Release|x64.Build.0 = Release|x64
		{7B5C9962-5E58-422D-B212-2D66AA0D487F}.Release|x86.ActiveCfg = Release|Win32
		{7B5C9962-5E58-422D-B212-2D66AA0D487F}.Release|x86.Build.0 = Release|Win32
		{0AD445E2-C3C3-496C-A27C-B5F602EB8307}.Debug|x64.ActiveCfg = Debug|x64
		{0AD445E2-C3C3-496C-A27C-B5F602EB8307}.Debug|x64.Build.0 = Debug|x64
		{0AD445E2-C3C3-496C-A27C-B5F602EB8307}.Debug|x86.ActiveCfg = Debug|Win32
		{0AD445E2-C3C3-496C-A27C-B5F602EB8307}.Debug|x86.Build.0 = Debug|Win32
		{0AD445E2-C3C3-496C-A27C-B5F602EB8307}.Release|x64.ActiveCfg = Release|x64
		{0AD445E2-C3C3-496C-A27C-B5F602EB8307}.Release|x64.Build.0 = Release|x64
		{0AD445E2-C3C3-496C-A27C-B5F602EB8307}.Release|x86.ActiveCfg = Release|Win32
		{0AD445E2-C3C3-496C-A27C-B5F602EB8307}.Release|x86.Build.0 = Release|Win32
		{B3EFB098-E632-488F-ACD1-ADB4A6C0FBD9}.Debug|x64.ActiveCfg = Debug|x64
		{B3EFB098-E632-488F-ACD1-ADB4A6C0FBD9}.Debug|x64.Build.0 = Debug|x64
		{B3EFB098-E632-488F-ACD1-ADB4A6C0FBD9}.Debug|x86.ActiveCfg = Debug|Win32
		{B3EFB098-E632-488F-ACD1-ADB4A6C0FBD9}.Debug|x86.Build.0 = Debug|Win32
		{B3EFB098-E632-488F-ACD1-ADB4A6C0FBD9}.Release|x64.ActiveCfg = Release|x64
		{B3EFB098-E632-488F-ACD1-ADB4A6C0FBD9}.Release|x64.Build.0 = Release|x64
		{B3EFB098-E632-488F-ACD1-ADB4A6C0FBD9}.Release|x86.ActiveCfg = Release|Win32
		{B3EFB098-E632-488F-ACD1-ADB4A6C0FBD9}.Release|x86.Build.0 = Release|Win32
	EndGlobalSection
	GlobalSection(SolutionProperties) = preSolution
		HideSolutionNode = FALSE
	EndGlobalSection
	GlobalSection(NestedProjects) = preSolution
		{102DC8FD-7501-4D73-99D1-3761AC8629A1} = {E0113B71-C84B-4DD7-9AAE-9F8124747E30}
		{1296CF6D-4510-4112-A8ED-DD9D7B01F37D} = {0C50A83A-A039-4B80-9AF0-9130932D338A}
		{C5F6AA84-3B05-41B7-AD51-E9BAED4C16B3} = {97FA5307-08B0-41E5-8C70-F0D229193ABE}
		{900EBDE9-4DC2-434D-ACA1-3848D016C37D} = {C17C3939-E131-47D8-B6B7-9F9897E9187D}
		{79F1B841-3EAB-40EE-BB16-9FCCC5F1168B} = {0314C9D4-CF0B-4CC4-B85D-468C41EB039D}
		{5DE9AE60-E3DE-4084-A5E0-A8706E4FA924} = {53CCDEB8-1E43-448C-BA60-C8E8DB542FB6}
		{CDED423F-76C7-4A92-972C-96A4FBE714DE} = {9CAA73EE-CEF0-4678-9D77-6DE89A93A7C8}
		{20A62240-23C3-4EF7-9E69-793B75F67941} = {6310A0B8-66F0-4F0C-8605-20841A0AB5CB}
		{CE3304DD-2D83-404E-8F67-9B61B4022228} = {4382DF6E-A668-45E2-8BCF-F51FE6BB5BE5}
		{D3D66360-4AF9-409B-8F91-53D934EB6B18} = {D4CC029D-A884-4FA6-86B6-C940C2BED96E}
		{97958E7C-7CDD-4DF7-817A-4334F5230E46} = {1C79A21A-A87E-416A-9D7C-FB47AD3F6B67}
		{7B5C9962-5E58-422D-B212-2D66AA0D487F} = {EA6FE58B-1819-44E2-BEF1-13E16002DC9F}
		{0AD445E2-C3C3-496C-A27C-B5F602EB8307} = {F1363AE9-837B-432F-8F76-56A304424A19}
	EndGlobalSection
	GlobalSection(ExtensibilityGlobals) = postSolution
		SolutionGuid = {6D24F9C0-EBE4-4F93-A274-7B40CB042E4F}
	EndGlobalSection
EndGlobal
